// !$*UTF8*$!
{
	archiveVersion = 1;
	classes = {
	};
	objectVersion = 46;
	objects = {

/* Begin PBXBuildFile section */
		27C6548A1861059900F7EA79 /* UIKit.framework in Frameworks */ = {isa = PBXBuildFile; fileRef = 27C654891861059900F7EA79 /* UIKit.framework */; };
		27C6548C1861059900F7EA79 /* Foundation.framework in Frameworks */ = {isa = PBXBuildFile; fileRef = 27C6548B1861059900F7EA79 /* Foundation.framework */; };
		27C6548E1861059900F7EA79 /* CoreGraphics.framework in Frameworks */ = {isa = PBXBuildFile; fileRef = 27C6548D1861059900F7EA79 /* CoreGraphics.framework */; };
		27C654941861059900F7EA79 /* InfoPlist.strings in Resources */ = {isa = PBXBuildFile; fileRef = 27C654921861059900F7EA79 /* InfoPlist.strings */; };
		27C654961861059900F7EA79 /* main.m in Sources */ = {isa = PBXBuildFile; fileRef = 27C654951861059900F7EA79 /* main.m */; };
		27C6549A1861059900F7EA79 /* AppDelegate.m in Sources */ = {isa = PBXBuildFile; fileRef = 27C654991861059900F7EA79 /* AppDelegate.m */; };
		27C6549C1861059900F7EA79 /* Default.png in Resources */ = {isa = PBXBuildFile; fileRef = 27C6549B1861059900F7EA79 /* Default.png */; };
		27C6549E1861059900F7EA79 /* Default@2x.png in Resources */ = {isa = PBXBuildFile; fileRef = 27C6549D1861059900F7EA79 /* Default@2x.png */; };
		27C654A01861059900F7EA79 /* Default-568h@2x.png in Resources */ = {isa = PBXBuildFile; fileRef = 27C6549F1861059900F7EA79 /* Default-568h@2x.png */; };
		27C654A31861059900F7EA79 /* MainStoryboard_iPhone.storyboard in Resources */ = {isa = PBXBuildFile; fileRef = 27C654A11861059900F7EA79 /* MainStoryboard_iPhone.storyboard */; };
		27C654A61861059900F7EA79 /* MainStoryboard_iPad.storyboard in Resources */ = {isa = PBXBuildFile; fileRef = 27C654A41861059900F7EA79 /* MainStoryboard_iPad.storyboard */; };
		27C654A91861059900F7EA79 /* ViewController.m in Sources */ = {isa = PBXBuildFile; fileRef = 27C654A81861059900F7EA79 /* ViewController.m */; };
		27C654B11861059900F7EA79 /* SenTestingKit.framework in Frameworks */ = {isa = PBXBuildFile; fileRef = 27C654B01861059900F7EA79 /* SenTestingKit.framework */; };
		27C654B21861059900F7EA79 /* UIKit.framework in Frameworks */ = {isa = PBXBuildFile; fileRef = 27C654891861059900F7EA79 /* UIKit.framework */; };
		27C654B31861059900F7EA79 /* Foundation.framework in Frameworks */ = {isa = PBXBuildFile; fileRef = 27C6548B1861059900F7EA79 /* Foundation.framework */; };
		27C654BB1861059900F7EA79 /* InfoPlist.strings in Resources */ = {isa = PBXBuildFile; fileRef = 27C654B91861059900F7EA79 /* InfoPlist.strings */; };
		27C654BE1861059900F7EA79 /* ColombiaSivigilaIOS6Tests.m in Sources */ = {isa = PBXBuildFile; fileRef = 27C654BD1861059900F7EA79 /* ColombiaSivigilaIOS6Tests.m */; };
/* End PBXBuildFile section */

/* Begin PBXContainerItemProxy section */
		27C654B41861059900F7EA79 /* PBXContainerItemProxy */ = {
			isa = PBXContainerItemProxy;
			containerPortal = 27C6547E1861059900F7EA79 /* Project object */;
			proxyType = 1;
			remoteGlobalIDString = 27C654851861059900F7EA79;
			remoteInfo = ColombiaSivigilaIOS6;
		};
/* End PBXContainerItemProxy section */

/* Begin PBXFileReference section */
		27C654861861059900F7EA79 /* ColombiaSivigilaIOS6.app */ = {isa = PBXFileReference; explicitFileType = wrapper.application; includeInIndex = 0; path = ColombiaSivigilaIOS6.app; sourceTree = BUILT_PRODUCTS_DIR; };
		27C654891861059900F7EA79 /* UIKit.framework */ = {isa = PBXFileReference; lastKnownFileType = wrapper.framework; name = UIKit.framework; path = System/Library/Frameworks/UIKit.framework; sourceTree = SDKROOT; };
		27C6548B1861059900F7EA79 /* Foundation.framework */ = {isa = PBXFileReference; lastKnownFileType = wrapper.framework; name = Foundation.framework; path = System/Library/Frameworks/Foundation.framework; sourceTree = SDKROOT; };
		27C6548D1861059900F7EA79 /* CoreGraphics.framework */ = {isa = PBXFileReference; lastKnownFileType = wrapper.framework; name = CoreGraphics.framework; path = System/Library/Frameworks/CoreGraphics.framework; sourceTree = SDKROOT; };
		27C654911861059900F7EA79 /* ColombiaSivigilaIOS6-Info.plist */ = {isa = PBXFileReference; lastKnownFileType = text.plist.xml; path = "ColombiaSivigilaIOS6-Info.plist"; sourceTree = "<group>"; };
		27C654931861059900F7EA79 /* en */ = {isa = PBXFileReference; lastKnownFileType = text.plist.strings; name = en; path = en.lproj/InfoPlist.strings; sourceTree = "<group>"; };
		27C654951861059900F7EA79 /* main.m */ = {isa = PBXFileReference; lastKnownFileType = sourcecode.c.objc; path = main.m; sourceTree = "<group>"; };
		27C654971861059900F7EA79 /* ColombiaSivigilaIOS6-Prefix.pch */ = {isa = PBXFileReference; lastKnownFileType = sourcecode.c.h; path = "ColombiaSivigilaIOS6-Prefix.pch"; sourceTree = "<group>"; };
		27C654981861059900F7EA79 /* AppDelegate.h */ = {isa = PBXFileReference; lastKnownFileType = sourcecode.c.h; path = AppDelegate.h; sourceTree = "<group>"; };
		27C654991861059900F7EA79 /* AppDelegate.m */ = {isa = PBXFileReference; lastKnownFileType = sourcecode.c.objc; path = AppDelegate.m; sourceTree = "<group>"; };
		27C6549B1861059900F7EA79 /* Default.png */ = {isa = PBXFileReference; lastKnownFileType = image.png; path = Default.png; sourceTree = "<group>"; };
		27C6549D1861059900F7EA79 /* Default@2x.png */ = {isa = PBXFileReference; lastKnownFileType = image.png; path = "Default@2x.png"; sourceTree = "<group>"; };
		27C6549F1861059900F7EA79 /* Default-568h@2x.png */ = {isa = PBXFileReference; lastKnownFileType = image.png; path = "Default-568h@2x.png"; sourceTree = "<group>"; };
		27C654A21861059900F7EA79 /* en */ = {isa = PBXFileReference; lastKnownFileType = file.storyboard; name = en; path = en.lproj/MainStoryboard_iPhone.storyboard; sourceTree = "<group>"; };
		27C654A51861059900F7EA79 /* en */ = {isa = PBXFileReference; lastKnownFileType = file.storyboard; name = en; path = en.lproj/MainStoryboard_iPad.storyboard; sourceTree = "<group>"; };
		27C654A71861059900F7EA79 /* ViewController.h */ = {isa = PBXFileReference; lastKnownFileType = sourcecode.c.h; path = ViewController.h; sourceTree = "<group>"; };
		27C654A81861059900F7EA79 /* ViewController.m */ = {isa = PBXFileReference; lastKnownFileType = sourcecode.c.objc; path = ViewController.m; sourceTree = "<group>"; };
		27C654AF1861059900F7EA79 /* ColombiaSivigilaIOS6Tests.octest */ = {isa = PBXFileReference; explicitFileType = wrapper.cfbundle; includeInIndex = 0; path = ColombiaSivigilaIOS6Tests.octest; sourceTree = BUILT_PRODUCTS_DIR; };
		27C654B01861059900F7EA79 /* SenTestingKit.framework */ = {isa = PBXFileReference; lastKnownFileType = wrapper.framework; name = SenTestingKit.framework; path = Library/Frameworks/SenTestingKit.framework; sourceTree = DEVELOPER_DIR; };
		27C654B81861059900F7EA79 /* ColombiaSivigilaIOS6Tests-Info.plist */ = {isa = PBXFileReference; lastKnownFileType = text.plist.xml; path = "ColombiaSivigilaIOS6Tests-Info.plist"; sourceTree = "<group>"; };
		27C654BA1861059900F7EA79 /* en */ = {isa = PBXFileReference; lastKnownFileType = text.plist.strings; name = en; path = en.lproj/InfoPlist.strings; sourceTree = "<group>"; };
		27C654BC1861059900F7EA79 /* ColombiaSivigilaIOS6Tests.h */ = {isa = PBXFileReference; lastKnownFileType = sourcecode.c.h; path = ColombiaSivigilaIOS6Tests.h; sourceTree = "<group>"; };
		27C654BD1861059900F7EA79 /* ColombiaSivigilaIOS6Tests.m */ = {isa = PBXFileReference; lastKnownFileType = sourcecode.c.objc; path = ColombiaSivigilaIOS6Tests.m; sourceTree = "<group>"; };
/* End PBXFileReference section */

/* Begin PBXFrameworksBuildPhase section */
		27C654831861059900F7EA79 /* Frameworks */ = {
			isa = PBXFrameworksBuildPhase;
			buildActionMask = 2147483647;
			files = (
				27C6548A1861059900F7EA79 /* UIKit.framework in Frameworks */,
				27C6548C1861059900F7EA79 /* Foundation.framework in Frameworks */,
				27C6548E1861059900F7EA79 /* CoreGraphics.framework in Frameworks */,
			);
			runOnlyForDeploymentPostprocessing = 0;
		};
		27C654AB1861059900F7EA79 /* Frameworks */ = {
			isa = PBXFrameworksBuildPhase;
			buildActionMask = 2147483647;
			files = (
				27C654B11861059900F7EA79 /* SenTestingKit.framework in Frameworks */,
				27C654B21861059900F7EA79 /* UIKit.framework in Frameworks */,
				27C654B31861059900F7EA79 /* Foundation.framework in Frameworks */,
			);
			runOnlyForDeploymentPostprocessing = 0;
		};
/* End PBXFrameworksBuildPhase section */

/* Begin PBXGroup section */
		27C6547D1861059900F7EA79 = {
			isa = PBXGroup;
			children = (
				27C6548F1861059900F7EA79 /* ColombiaSivigilaIOS6 */,
				27C654B61861059900F7EA79 /* ColombiaSivigilaIOS6Tests */,
				27C654881861059900F7EA79 /* Frameworks */,
				27C654871861059900F7EA79 /* Products */,
			);
			sourceTree = "<group>";
		};
		27C654871861059900F7EA79 /* Products */ = {
			isa = PBXGroup;
			children = (
				27C654861861059900F7EA79 /* ColombiaSivigilaIOS6.app */,
				27C654AF1861059900F7EA79 /* ColombiaSivigilaIOS6Tests.octest */,
			);
			name = Products;
			sourceTree = "<group>";
		};
		27C654881861059900F7EA79 /* Frameworks */ = {
			isa = PBXGroup;
			children = (
				27C654891861059900F7EA79 /* UIKit.framework */,
				27C6548B1861059900F7EA79 /* Foundation.framework */,
				27C6548D1861059900F7EA79 /* CoreGraphics.framework */,
				27C654B01861059900F7EA79 /* SenTestingKit.framework */,
			);
			name = Frameworks;
			sourceTree = "<group>";
		};
		27C6548F1861059900F7EA79 /* ColombiaSivigilaIOS6 */ = {
			isa = PBXGroup;
			children = (
				27C654981861059900F7EA79 /* AppDelegate.h */,
				27C654991861059900F7EA79 /* AppDelegate.m */,
				27C654A11861059900F7EA79 /* MainStoryboard_iPhone.storyboard */,
				27C654A41861059900F7EA79 /* MainStoryboard_iPad.storyboard */,
				27C654A71861059900F7EA79 /* ViewController.h */,
				27C654A81861059900F7EA79 /* ViewController.m */,
				27C654901861059900F7EA79 /* Supporting Files */,
			);
			path = ColombiaSivigilaIOS6;
			sourceTree = "<group>";
		};
		27C654901861059900F7EA79 /* Supporting Files */ = {
			isa = PBXGroup;
			children = (
				27C654911861059900F7EA79 /* ColombiaSivigilaIOS6-Info.plist */,
				27C654921861059900F7EA79 /* InfoPlist.strings */,
				27C654951861059900F7EA79 /* main.m */,
				27C654971861059900F7EA79 /* ColombiaSivigilaIOS6-Prefix.pch */,
				27C6549B1861059900F7EA79 /* Default.png */,
				27C6549D1861059900F7EA79 /* Default@2x.png */,
				27C6549F1861059900F7EA79 /* Default-568h@2x.png */,
			);
			name = "Supporting Files";
			sourceTree = "<group>";
		};
		27C654B61861059900F7EA79 /* ColombiaSivigilaIOS6Tests */ = {
			isa = PBXGroup;
			children = (
				27C654BC1861059900F7EA79 /* ColombiaSivigilaIOS6Tests.h */,
				27C654BD1861059900F7EA79 /* ColombiaSivigilaIOS6Tests.m */,
				27C654B71861059900F7EA79 /* Supporting Files */,
			);
			path = ColombiaSivigilaIOS6Tests;
			sourceTree = "<group>";
		};
		27C654B71861059900F7EA79 /* Supporting Files */ = {
			isa = PBXGroup;
			children = (
				27C654B81861059900F7EA79 /* ColombiaSivigilaIOS6Tests-Info.plist */,
				27C654B91861059900F7EA79 /* InfoPlist.strings */,
			);
			name = "Supporting Files";
			sourceTree = "<group>";
		};
/* End PBXGroup section */

/* Begin PBXNativeTarget section */
		27C654851861059900F7EA79 /* ColombiaSivigilaIOS6 */ = {
			isa = PBXNativeTarget;
			buildConfigurationList = 27C654C11861059900F7EA79 /* Build configuration list for PBXNativeTarget "ColombiaSivigilaIOS6" */;
			buildPhases = (
				27C654821861059900F7EA79 /* Sources */,
				27C654831861059900F7EA79 /* Frameworks */,
				27C654841861059900F7EA79 /* Resources */,
			);
			buildRules = (
			);
			dependencies = (
			);
			name = ColombiaSivigilaIOS6;
			productName = ColombiaSivigilaIOS6;
			productReference = 27C654861861059900F7EA79 /* ColombiaSivigilaIOS6.app */;
			productType = "com.apple.product-type.application";
		};
		27C654AE1861059900F7EA79 /* ColombiaSivigilaIOS6Tests */ = {
			isa = PBXNativeTarget;
			buildConfigurationList = 27C654C41861059900F7EA79 /* Build configuration list for PBXNativeTarget "ColombiaSivigilaIOS6Tests" */;
			buildPhases = (
				27C654AA1861059900F7EA79 /* Sources */,
				27C654AB1861059900F7EA79 /* Frameworks */,
				27C654AC1861059900F7EA79 /* Resources */,
				27C654AD1861059900F7EA79 /* ShellScript */,
			);
			buildRules = (
			);
			dependencies = (
				27C654B51861059900F7EA79 /* PBXTargetDependency */,
			);
			name = ColombiaSivigilaIOS6Tests;
			productName = ColombiaSivigilaIOS6Tests;
			productReference = 27C654AF1861059900F7EA79 /* ColombiaSivigilaIOS6Tests.octest */;
			productType = "com.apple.product-type.bundle";
		};
/* End PBXNativeTarget section */

/* Begin PBXProject section */
		27C6547E1861059900F7EA79 /* Project object */ = {
			isa = PBXProject;
			attributes = {
				LastUpgradeCheck = 0460;
				ORGANIZATIONNAME = iPRO;
			};
			buildConfigurationList = 27C654811861059900F7EA79 /* Build configuration list for PBXProject "ColombiaSivigilaIOS6" */;
			compatibilityVersion = "Xcode 3.2";
			developmentRegion = English;
			hasScannedForEncodings = 0;
			knownRegions = (
				en,
			);
			mainGroup = 27C6547D1861059900F7EA79;
			productRefGroup = 27C654871861059900F7EA79 /* Products */;
			projectDirPath = "";
			projectRoot = "";
			targets = (
				27C654851861059900F7EA79 /* ColombiaSivigilaIOS6 */,
				27C654AE1861059900F7EA79 /* ColombiaSivigilaIOS6Tests */,
			);
		};
/* End PBXProject section */

/* Begin PBXResourcesBuildPhase section */
		27C654841861059900F7EA79 /* Resources */ = {
			isa = PBXResourcesBuildPhase;
			buildActionMask = 2147483647;
			files = (
				27C654941861059900F7EA79 /* InfoPlist.strings in Resources */,
				27C6549C1861059900F7EA79 /* Default.png in Resources */,
				27C6549E1861059900F7EA79 /* Default@2x.png in Resources */,
				27C654A01861059900F7EA79 /* Default-568h@2x.png in Resources */,
				27C654A31861059900F7EA79 /* MainStoryboard_iPhone.storyboard in Resources */,
				27C654A61861059900F7EA79 /* MainStoryboard_iPad.storyboard in Resources */,
			);
			runOnlyForDeploymentPostprocessing = 0;
		};
		27C654AC1861059900F7EA79 /* Resources */ = {
			isa = PBXResourcesBuildPhase;
			buildActionMask = 2147483647;
			files = (
				27C654BB1861059900F7EA79 /* InfoPlist.strings in Resources */,
			);
			runOnlyForDeploymentPostprocessing = 0;
		};
/* End PBXResourcesBuildPhase section */

/* Begin PBXShellScriptBuildPhase section */
		27C654AD1861059900F7EA79 /* ShellScript */ = {
			isa = PBXShellScriptBuildPhase;
			buildActionMask = 2147483647;
			files = (
			);
			inputPaths = (
			);
			outputPaths = (
			);
			runOnlyForDeploymentPostprocessing = 0;
			shellPath = /bin/sh;
			shellScript = "# Run the unit tests in this test bundle.\n\"${SYSTEM_DEVELOPER_DIR}/Tools/RunUnitTests\"\n";
		};
/* End PBXShellScriptBuildPhase section */

/* Begin PBXSourcesBuildPhase section */
		27C654821861059900F7EA79 /* Sources */ = {
			isa = PBXSourcesBuildPhase;
			buildActionMask = 2147483647;
			files = (
				27C654961861059900F7EA79 /* main.m in Sources */,
				27C6549A1861059900F7EA79 /* AppDelegate.m in Sources */,
				27C654A91861059900F7EA79 /* ViewController.m in Sources */,
			);
			runOnlyForDeploymentPostprocessing = 0;
		};
		27C654AA1861059900F7EA79 /* Sources */ = {
			isa = PBXSourcesBuildPhase;
			buildActionMask = 2147483647;
			files = (
				27C654BE1861059900F7EA79 /* ColombiaSivigilaIOS6Tests.m in Sources */,
			);
			runOnlyForDeploymentPostprocessing = 0;
		};
/* End PBXSourcesBuildPhase section */

/* Begin PBXTargetDependency section */
		27C654B51861059900F7EA79 /* PBXTargetDependency */ = {
			isa = PBXTargetDependency;
			target = 27C654851861059900F7EA79 /* ColombiaSivigilaIOS6 */;
			targetProxy = 27C654B41861059900F7EA79 /* PBXContainerItemProxy */;
		};
/* End PBXTargetDependency section */

/* Begin PBXVariantGroup section */
		27C654921861059900F7EA79 /* InfoPlist.strings */ = {
			isa = PBXVariantGroup;
			children = (
				27C654931861059900F7EA79 /* en */,
			);
			name = InfoPlist.strings;
			sourceTree = "<group>";
		};
		27C654A11861059900F7EA79 /* MainStoryboard_iPhone.storyboard */ = {
			isa = PBXVariantGroup;
			children = (
				27C654A21861059900F7EA79 /* en */,
			);
			name = MainStoryboard_iPhone.storyboard;
			sourceTree = "<group>";
		};
		27C654A41861059900F7EA79 /* MainStoryboard_iPad.storyboard */ = {
			isa = PBXVariantGroup;
			children = (
				27C654A51861059900F7EA79 /* en */,
			);
			name = MainStoryboard_iPad.storyboard;
			sourceTree = "<group>";
		};
		27C654B91861059900F7EA79 /* InfoPlist.strings */ = {
			isa = PBXVariantGroup;
			children = (
				27C654BA1861059900F7EA79 /* en */,
			);
			name = InfoPlist.strings;
			sourceTree = "<group>";
		};
/* End PBXVariantGroup section */

/* Begin XCBuildConfiguration section */
		27C654BF1861059900F7EA79 /* Debug */ = {
			isa = XCBuildConfiguration;
			buildSettings = {
				ALWAYS_SEARCH_USER_PATHS = NO;
				CLANG_CXX_LANGUAGE_STANDARD = "gnu++0x";
				CLANG_CXX_LIBRARY = "libc++";
				CLANG_ENABLE_OBJC_ARC = YES;
				CLANG_WARN_CONSTANT_CONVERSION = YES;
				CLANG_WARN_EMPTY_BODY = YES;
				CLANG_WARN_ENUM_CONVERSION = YES;
				CLANG_WARN_INT_CONVERSION = YES;
				CLANG_WARN__DUPLICATE_METHOD_MATCH = YES;
				"CODE_SIGN_IDENTITY[sdk=iphoneos*]" = "iPhone Developer";
				COPY_PHASE_STRIP = NO;
				GCC_C_LANGUAGE_STANDARD = gnu99;
				GCC_DYNAMIC_NO_PIC = NO;
				GCC_OPTIMIZATION_LEVEL = 0;
				GCC_PREPROCESSOR_DEFINITIONS = (
					"DEBUG=1",
					"$(inherited)",
				);
				GCC_SYMBOLS_PRIVATE_EXTERN = NO;
				GCC_WARN_ABOUT_RETURN_TYPE = YES;
				GCC_WARN_UNINITIALIZED_AUTOS = YES;
				GCC_WARN_UNUSED_VARIABLE = YES;
				IPHONEOS_DEPLOYMENT_TARGET = 6.1;
				ONLY_ACTIVE_ARCH = YES;
				SDKROOT = iphoneos;
				TARGETED_DEVICE_FAMILY = "1,2";
			};
			name = Debug;
		};
		27C654C01861059900F7EA79 /* Release */ = {
			isa = XCBuildConfiguration;
			buildSettings = {
				ALWAYS_SEARCH_USER_PATHS = NO;
				CLANG_CXX_LANGUAGE_STANDARD = "gnu++0x";
				CLANG_CXX_LIBRARY = "libc++";
				CLANG_ENABLE_OBJC_ARC = YES;
				CLANG_WARN_CONSTANT_CONVERSION = YES;
				CLANG_WARN_EMPTY_BODY = YES;
				CLANG_WARN_ENUM_CONVERSION = YES;
				CLANG_WARN_INT_CONVERSION = YES;
				CLANG_WARN__DUPLICATE_METHOD_MATCH = YES;
				"CODE_SIGN_IDENTITY[sdk=iphoneos*]" = "iPhone Developer";
				COPY_PHASE_STRIP = YES;
				GCC_C_LANGUAGE_STANDARD = gnu99;
				GCC_WARN_ABOUT_RETURN_TYPE = YES;
				GCC_WARN_UNINITIALIZED_AUTOS = YES;
				GCC_WARN_UNUSED_VARIABLE = YES;
				IPHONEOS_DEPLOYMENT_TARGET = 6.1;
				OTHER_CFLAGS = "-DNS_BLOCK_ASSERTIONS=1";
				SDKROOT = iphoneos;
				TARGETED_DEVICE_FAMILY = "1,2";
				VALIDATE_PRODUCT = YES;
			};
			name = Release;
		};
		27C654C21861059900F7EA79 /* Debug */ = {
			isa = XCBuildConfiguration;
			buildSettings = {
				GCC_PRECOMPILE_PREFIX_HEADER = YES;
				GCC_PREFIX_HEADER = "ColombiaSivigilaIOS6/ColombiaSivigilaIOS6-Prefix.pch";
				INFOPLIST_FILE = "ColombiaSivigilaIOS6/ColombiaSivigilaIOS6-Info.plist";
				PRODUCT_NAME = "$(TARGET_NAME)";
				WRAPPER_EXTENSION = app;
			};
			name = Debug;
		};
		27C654C31861059900F7EA79 /* Release */ = {
			isa = XCBuildConfiguration;
			buildSettings = {
				GCC_PRECOMPILE_PREFIX_HEADER = YES;
				GCC_PREFIX_HEADER = "ColombiaSivigilaIOS6/ColombiaSivigilaIOS6-Prefix.pch";
				INFOPLIST_FILE = "ColombiaSivigilaIOS6/ColombiaSivigilaIOS6-Info.plist";
				PRODUCT_NAME = "$(TARGET_NAME)";
				WRAPPER_EXTENSION = app;
			};
			name = Release;
		};
		27C654C51861059900F7EA79 /* Debug */ = {
			isa = XCBuildConfiguration;
			buildSettings = {
				BUNDLE_LOADER = "$(BUILT_PRODUCTS_DIR)/ColombiaSivigilaIOS6.app/ColombiaSivigilaIOS6";
				FRAMEWORK_SEARCH_PATHS = (
					"\"$(SDKROOT)/Developer/Library/Frameworks\"",
					"\"$(DEVELOPER_LIBRARY_DIR)/Frameworks\"",
				);
				GCC_PRECOMPILE_PREFIX_HEADER = YES;
				GCC_PREFIX_HEADER = "ColombiaSivigilaIOS6/ColombiaSivigilaIOS6-Prefix.pch";
				INFOPLIST_FILE = "ColombiaSivigilaIOS6Tests/ColombiaSivigilaIOS6Tests-Info.plist";
				PRODUCT_NAME = "$(TARGET_NAME)";
				TEST_HOST = "$(BUNDLE_LOADER)";
				WRAPPER_EXTENSION = octest;
			};
			name = Debug;
		};
		27C654C61861059900F7EA79 /* Release */ = {
			isa = XCBuildConfiguration;
			buildSettings = {
				BUNDLE_LOADER = "$(BUILT_PRODUCTS_DIR)/ColombiaSivigilaIOS6.app/ColombiaSivigilaIOS6";
				FRAMEWORK_SEARCH_PATHS = (
					"\"$(SDKROOT)/Developer/Library/Frameworks\"",
					"\"$(DEVELOPER_LIBRARY_DIR)/Frameworks\"",
				);
				GCC_PRECOMPILE_PREFIX_HEADER = YES;
				GCC_PREFIX_HEADER = "ColombiaSivigilaIOS6/ColombiaSivigilaIOS6-Prefix.pch";
				INFOPLIST_FILE = "ColombiaSivigilaIOS6Tests/ColombiaSivigilaIOS6Tests-Info.plist";
				PRODUCT_NAME = "$(TARGET_NAME)";
				TEST_HOST = "$(BUNDLE_LOADER)";
				WRAPPER_EXTENSION = octest;
			};
			name = Release;
		};
/* End XCBuildConfiguration section */

/* Begin XCConfigurationList section */
		27C654811861059900F7EA79 /* Build configuration list for PBXProject "ColombiaSivigilaIOS6" */ = {
			isa = XCConfigurationList;
			buildConfigurations = (
				27C654BF1861059900F7EA79 /* Debug */,
				27C654C01861059900F7EA79 /* Release */,
			);
			defaultConfigurationIsVisible = 0;
			defaultConfigurationName = Release;
		};
		27C654C11861059900F7EA79 /* Build configuration list for PBXNativeTarget "ColombiaSivigilaIOS6" */ = {
			isa = XCConfigurationList;
			buildConfigurations = (
				27C654C21861059900F7EA79 /* Debug */,
				27C654C31861059900F7EA79 /* Release */,
			);
			defaultConfigurationIsVisible = 0;
		};
		27C654C41861059900F7EA79 /* Build configuration list for PBXNativeTarget "ColombiaSivigilaIOS6Tests" */ = {
			isa = XCConfigurationList;
			buildConfigurations = (
				27C654C51861059900F7EA79 /* Debug */,
				27C654C61861059900F7EA79 /* Release */,
			);
			defaultConfigurationIsVisible = 0;
		};
/* End XCConfigurationList section */
	};
	rootObject = 27C6547E1861059900F7EA79 /* Project object */;
}
